
Microsoft Visual Studio Solution File, Format Version 12.00
# Visual Studio 2013
VisualStudioVersion = 12.0.21005.1
MinimumVisualStudioVersion = 10.0.40219.1
Project("{FAE04EC0-301F-11D3-BF4B-00C04F79EFBC}") = "SEPALite", "SEPALite\SEPALite.csproj", "{BCF820F1-E384-4B89-8C6A-205B0CA85963}"
EndProject
Project("{FAE04EC0-301F-11D3-BF4B-00C04F79EFBC}") = "UnitTestProject", "UnitTestProject\UnitTestProject.csproj", "{F38CA434-C126-4881-80C4-350D44F016CE}"
EndProject
Global
	GlobalSection(SolutionConfigurationPlatforms) = preSolution
		Debug|Any CPU = Debug|Any CPU
		Release|Any CPU = Release|Any CPU
	EndGlobalSection
	GlobalSection(ProjectConfigurationPlatforms) = postSolution
		{BCF820F1-E384-4B89-8C6A-205B0CA85963}.Debug|Any CPU.ActiveCfg = Debug|Any CPU
		{BCF820F1-E384-4B89-8C6A-205B0CA85963}.Debug|Any CPU.Build.0 = Debug|Any CPU
		{BCF820F1-E384-4B89-8C6A-205B0CA85963}.Release|Any CPU.ActiveCfg = Release|Any CPU
		{BCF820F1-E384-4B89-8C6A-205B0CA85963}.Release|Any CPU.Build.0 = Release|Any CPU
		{F38CA434-C126-4881-80C4-350D44F016CE}.Debug|Any CPU.ActiveCfg = Debug|Any CPU
		{F38CA434-C126-4881-80C4-350D44F016CE}.Debug|Any CPU.Build.0 = Debug|Any CPU
		{F38CA434-C126-4881-80C4-350D44F016CE}.Release|Any CPU.ActiveCfg = Release|Any CPU
		{F38CA434-C126-4881-80C4-350D44F016CE}.Release|Any CPU.Build.0 = Release|Any CPU
	EndGlobalSection
	GlobalSection(SolutionProperties) = preSolution
		HideSolutionNode = FALSE
	EndGlobalSection
EndGlobal
